
Microsoft Visual Studio Solution File, Format Version 12.00
# Visual Studio Version 17
VisualStudioVersion = 17.7.34009.444
MinimumVisualStudioVersion = 10.0.40219.1
Project("{FAE04EC0-301F-11D3-BF4B-00C04F79EFBC}") = "busqueda3Niveles", "busqueda3Niveles\busqueda3Niveles.csproj", "{1B1244C4-3A14-4087-9BC6-98D3A42A249F}"
EndProject
Global
	GlobalSection(SolutionConfigurationPlatforms) = preSolution
		Debug|Any CPU = Debug|Any CPU
		Release|Any CPU = Release|Any CPU
	EndGlobalSection
	GlobalSection(ProjectConfigurationPlatforms) = postSolution
		{1B1244C4-3A14-4087-9BC6-98D3A42A249F}.Debug|Any CPU.ActiveCfg = Debug|Any CPU
		{1B1244C4-3A14-4087-9BC6-98D3A42A249F}.Debug|Any CPU.Build.0 = Debug|Any CPU
		{1B1244C4-3A14-4087-9BC6-98D3A42A249F}.Release|Any CPU.ActiveCfg = Release|Any CPU
		{1B1244C4-3A14-4087-9BC6-98D3A42A249F}.Release|Any CPU.Build.0 = Release|Any CPU
	EndGlobalSection
	GlobalSection(SolutionProperties) = preSolution
		HideSolutionNode = FALSE
	EndGlobalSection
	GlobalSection(ExtensibilityGlobals) = postSolution
		SolutionGuid = {94FB01E6-6666-4CCA-9575-65DF1BAB888A}
	EndGlobalSection
EndGlobal
